
Microsoft Visual Studio Solution File, Format Version 12.00
# Visual Studio 15
VisualStudioVersion = 15.0.27428.2043
MinimumVisualStudioVersion = 10.0.40219.1
Project("{8BC9CEB8-8B4A-11D0-8D11-00A0C91BC942}") = "CSIT 214 - Project 7", "CSIT 214 - Project 7\CSIT 214 - Project 7.vcxproj", "{5504FBE6-1B71-48A9-B61F-0C76A6AF2560}"
EndProject
Global
	GlobalSection(SolutionConfigurationPlatforms) = preSolution
		Debug|x64 = Debug|x64
		Debug|x86 = Debug|x86
		Release|x64 = Release|x64
		Release|x86 = Release|x86
	EndGlobalSection
	GlobalSection(ProjectConfigurationPlatforms) = postSolution
		{5504FBE6-1B71-48A9-B61F-0C76A6AF2560}.Debug|x64.ActiveCfg = Debug|x64
		{5504FBE6-1B71-48A9-B61F-0C76A6AF2560}.Debug|x64.Build.0 = Debug|x64
		{5504FBE6-1B71-48A9-B61F-0C76A6AF2560}.Debug|x86.ActiveCfg = Debug|Win32
		{5504FBE6-1B71-48A9-B61F-0C76A6AF2560}.Debug|x86.Build.0 = Debug|Win32
		{5504FBE6-1B71-48A9-B61F-0C76A6AF2560}.Release|x64.ActiveCfg = Release|x64
		{5504FBE6-1B71-48A9-B61F-0C76A6AF2560}.Release|x64.Build.0 = Release|x64
		{5504FBE6-1B71-48A9-B61F-0C76A6AF2560}.Release|x86.ActiveCfg = Release|Win32
		{5504FBE6-1B71-48A9-B61F-0C76A6AF2560}.Release|x86.Build.0 = Release|Win32
	EndGlobalSection
	GlobalSection(SolutionProperties) = preSolution
		HideSolutionNode = FALSE
	EndGlobalSection
	GlobalSection(ExtensibilityGlobals) = postSolution
		SolutionGuid = {67CD9BFE-4CEF-46FA-BBE4-313A0A3B534A}
	EndGlobalSection
EndGlobal
